
Microsoft Visual Studio Solution File, Format Version 12.00
# Visual Studio 15
VisualStudioVersion = 15.0.28307.168
MinimumVisualStudioVersion = 10.0.40219.1
Project("{9A19103F-16F7-4668-BE54-9A1E7A4F7556}") = "Sfa.Tl.Matching.Web", "Sfa.Tl.Matching.Web\Sfa.Tl.Matching.Web.csproj", "{9D1CBE77-09C6-41A7-AB98-0CA58A3DB6EA}"
EndProject
Project("{9A19103F-16F7-4668-BE54-9A1E7A4F7556}") = "Sfa.Tl.Matching.Functions", "Sfa.Tl.Matching.Functions\Sfa.Tl.Matching.Functions.csproj", "{CFE3C23E-F125-4FC7-A9A9-129CD8D2B3B5}"
EndProject
Project("{00D1A9C2-B5F0-4AF3-8072-F6C62B433612}") = "Sfa.Tl.Matching.Database", "Sfa.Tl.Matching.Database\Sfa.Tl.Matching.Database.sqlproj", "{7C0E2398-1B73-450B-BB20-9103AA4CA262}"
EndProject
Project("{9A19103F-16F7-4668-BE54-9A1E7A4F7556}") = "Sfa.Tl.Matching.Core", "Sfa.Tl.Matching.Core\Sfa.Tl.Matching.Core.csproj", "{188218C3-170B-46B0-A9AF-4146A972F986}"
EndProject
Project("{9A19103F-16F7-4668-BE54-9A1E7A4F7556}") = "Sfa.Tl.Matching.Infrastucture", "Sfa.Tl.Matching.Infrastucture\Sfa.Tl.Matching.Infrastucture.csproj", "{88478BF9-1FE0-4F76-939C-628D37F71572}"
EndProject
Project("{9A19103F-16F7-4668-BE54-9A1E7A4F7556}") = "Sfa.Tl.Matching.Application", "Sfa.Tl.Matching.Application\Sfa.Tl.Matching.Application.csproj", "{F1516E45-B1AA-4C80-ADB8-442EA84DC3C0}"
EndProject
Project("{9A19103F-16F7-4668-BE54-9A1E7A4F7556}") = "Sfa.Tl.Matching.Application.UnitTests", "Sfa.Tl.Matching.Application.UnitTests\Sfa.Tl.Matching.Application.UnitTests.csproj", "{0A26E19A-BD4D-4E06-A5D4-3EAF8FC05579}"
EndProject
Project("{9A19103F-16F7-4668-BE54-9A1E7A4F7556}") = "Sfa.Tl.Matching.Application.IntegrationTests", "Sfa.Tl.Matching.Application.IntegrationTests\Sfa.Tl.Matching.Application.IntegrationTests.csproj", "{47265647-AC78-4796-860E-C8CE9E318268}"
EndProject
Project("{2150E333-8FDC-42A3-9474-1A3956D46DE8}") = "Tests", "Tests", "{AC50D8E9-002B-4A81-B436-8D4284E023B5}"
EndProject
Global
	GlobalSection(SolutionConfigurationPlatforms) = preSolution
		Debug|Any CPU = Debug|Any CPU
		Release|Any CPU = Release|Any CPU
	EndGlobalSection
	GlobalSection(ProjectConfigurationPlatforms) = postSolution
		{9D1CBE77-09C6-41A7-AB98-0CA58A3DB6EA}.Debug|Any CPU.ActiveCfg = Debug|Any CPU
		{9D1CBE77-09C6-41A7-AB98-0CA58A3DB6EA}.Debug|Any CPU.Build.0 = Debug|Any CPU
		{9D1CBE77-09C6-41A7-AB98-0CA58A3DB6EA}.Release|Any CPU.ActiveCfg = Release|Any CPU
		{9D1CBE77-09C6-41A7-AB98-0CA58A3DB6EA}.Release|Any CPU.Build.0 = Release|Any CPU
		{CFE3C23E-F125-4FC7-A9A9-129CD8D2B3B5}.Debug|Any CPU.ActiveCfg = Debug|Any CPU
		{CFE3C23E-F125-4FC7-A9A9-129CD8D2B3B5}.Debug|Any CPU.Build.0 = Debug|Any CPU
		{CFE3C23E-F125-4FC7-A9A9-129CD8D2B3B5}.Release|Any CPU.ActiveCfg = Release|Any CPU
		{CFE3C23E-F125-4FC7-A9A9-129CD8D2B3B5}.Release|Any CPU.Build.0 = Release|Any CPU
		{7C0E2398-1B73-450B-BB20-9103AA4CA262}.Debug|Any CPU.ActiveCfg = Debug|Any CPU
		{7C0E2398-1B73-450B-BB20-9103AA4CA262}.Debug|Any CPU.Build.0 = Debug|Any CPU
		{7C0E2398-1B73-450B-BB20-9103AA4CA262}.Debug|Any CPU.Deploy.0 = Debug|Any CPU
		{7C0E2398-1B73-450B-BB20-9103AA4CA262}.Release|Any CPU.ActiveCfg = Release|Any CPU
		{7C0E2398-1B73-450B-BB20-9103AA4CA262}.Release|Any CPU.Build.0 = Release|Any CPU
		{7C0E2398-1B73-450B-BB20-9103AA4CA262}.Release|Any CPU.Deploy.0 = Release|Any CPU
		{188218C3-170B-46B0-A9AF-4146A972F986}.Debug|Any CPU.ActiveCfg = Debug|Any CPU
		{188218C3-170B-46B0-A9AF-4146A972F986}.Debug|Any CPU.Build.0 = Debug|Any CPU
		{188218C3-170B-46B0-A9AF-4146A972F986}.Release|Any CPU.ActiveCfg = Release|Any CPU
		{188218C3-170B-46B0-A9AF-4146A972F986}.Release|Any CPU.Build.0 = Release|Any CPU
		{88478BF9-1FE0-4F76-939C-628D37F71572}.Debug|Any CPU.ActiveCfg = Debug|Any CPU
		{88478BF9-1FE0-4F76-939C-628D37F71572}.Debug|Any CPU.Build.0 = Debug|Any CPU
		{88478BF9-1FE0-4F76-939C-628D37F71572}.Release|Any CPU.ActiveCfg = Release|Any CPU
		{88478BF9-1FE0-4F76-939C-628D37F71572}.Release|Any CPU.Build.0 = Release|Any CPU
		{F1516E45-B1AA-4C80-ADB8-442EA84DC3C0}.Debug|Any CPU.ActiveCfg = Debug|Any CPU
		{F1516E45-B1AA-4C80-ADB8-442EA84DC3C0}.Debug|Any CPU.Build.0 = Debug|Any CPU
		{F1516E45-B1AA-4C80-ADB8-442EA84DC3C0}.Release|Any CPU.ActiveCfg = Release|Any CPU
		{F1516E45-B1AA-4C80-ADB8-442EA84DC3C0}.Release|Any CPU.Build.0 = Release|Any CPU
		{0A26E19A-BD4D-4E06-A5D4-3EAF8FC05579}.Debug|Any CPU.ActiveCfg = Debug|Any CPU
		{0A26E19A-BD4D-4E06-A5D4-3EAF8FC05579}.Debug|Any CPU.Build.0 = Debug|Any CPU
		{0A26E19A-BD4D-4E06-A5D4-3EAF8FC05579}.Release|Any CPU.ActiveCfg = Release|Any CPU
		{0A26E19A-BD4D-4E06-A5D4-3EAF8FC05579}.Release|Any CPU.Build.0 = Release|Any CPU
		{47265647-AC78-4796-860E-C8CE9E318268}.Debug|Any CPU.ActiveCfg = Debug|Any CPU
		{47265647-AC78-4796-860E-C8CE9E318268}.Debug|Any CPU.Build.0 = Debug|Any CPU
		{47265647-AC78-4796-860E-C8CE9E318268}.Release|Any CPU.ActiveCfg = Release|Any CPU
		{47265647-AC78-4796-860E-C8CE9E318268}.Release|Any CPU.Build.0 = Release|Any CPU
	EndGlobalSection
	GlobalSection(SolutionProperties) = preSolution
		HideSolutionNode = FALSE
	EndGlobalSection
	GlobalSection(NestedProjects) = preSolution
		{0A26E19A-BD4D-4E06-A5D4-3EAF8FC05579} = {AC50D8E9-002B-4A81-B436-8D4284E023B5}
		{47265647-AC78-4796-860E-C8CE9E318268} = {AC50D8E9-002B-4A81-B436-8D4284E023B5}
	EndGlobalSection
	GlobalSection(ExtensibilityGlobals) = postSolution
		SolutionGuid = {59BF75E1-537C-4287-92BE-6BAB5E8C8277}
	EndGlobalSection
EndGlobal
