
Microsoft Visual Studio Solution File, Format Version 12.00
# Visual Studio 15
VisualStudioVersion = 15.0.28307.168
MinimumVisualStudioVersion = 10.0.40219.1
Project("{9A19103F-16F7-4668-BE54-9A1E7A4F7556}") = "Sfa.Tl.Matching.Web", "Sfa.Tl.Matching.Web\Sfa.Tl.Matching.Web.csproj", "{9D1CBE77-09C6-41A7-AB98-0CA58A3DB6EA}"
EndProject
Project("{9A19103F-16F7-4668-BE54-9A1E7A4F7556}") = "Sfa.Tl.Matching.Functions", "Sfa.Tl.Matching.Functions\Sfa.Tl.Matching.Functions.csproj", "{CFE3C23E-F125-4FC7-A9A9-129CD8D2B3B5}"
EndProject
Project("{00D1A9C2-B5F0-4AF3-8072-F6C62B433612}") = "Sfa.Tl.Matching.Database", "Sfa.Tl.Matching.Database\Sfa.Tl.Matching.Database.sqlproj", "{7C0E2398-1B73-450B-BB20-9103AA4CA262}"
EndProject
Project("{9A19103F-16F7-4668-BE54-9A1E7A4F7556}") = "Sfa.Tl.Matching.Application", "Sfa.Tl.Matching.Application\Sfa.Tl.Matching.Application.csproj", "{F1516E45-B1AA-4C80-ADB8-442EA84DC3C0}"
EndProject
Project("{9A19103F-16F7-4668-BE54-9A1E7A4F7556}") = "Sfa.Tl.Matching.Application.UnitTests", "Sfa.Tl.Matching.Application.UnitTests\Sfa.Tl.Matching.Application.UnitTests.csproj", "{0A26E19A-BD4D-4E06-A5D4-3EAF8FC05579}"
EndProject
Project("{9A19103F-16F7-4668-BE54-9A1E7A4F7556}") = "Sfa.Tl.Matching.Application.IntegrationTests", "Sfa.Tl.Matching.Application.IntegrationTests\Sfa.Tl.Matching.Application.IntegrationTests.csproj", "{47265647-AC78-4796-860E-C8CE9E318268}"
EndProject
Project("{2150E333-8FDC-42A3-9474-1A3956D46DE8}") = "Tests", "Tests", "{AC50D8E9-002B-4A81-B436-8D4284E023B5}"
EndProject
Project("{9A19103F-16F7-4668-BE54-9A1E7A4F7556}") = "Sfa.Tl.Matching.Functions.Extensions", "Sfa.Tl.Matching.Functions.Extensions\Sfa.Tl.Matching.Functions.Extensions.csproj", "{66668B61-2D04-45A0-AEEE-CAE0334F56E5}"
EndProject
Project("{9A19103F-16F7-4668-BE54-9A1E7A4F7556}") = "Sfa.Tl.Matching.Data", "Sfa.Tl.Matching.Data\Sfa.Tl.Matching.Data.csproj", "{515AE7C8-BB11-4290-ADED-234977FB1975}"
EndProject
Project("{9A19103F-16F7-4668-BE54-9A1E7A4F7556}") = "Sfa.Tl.Matching.Web.UnitTests", "Sfa.Tl.Matching.Web.UnitTests\Sfa.Tl.Matching.Web.UnitTests.csproj", "{47B2E287-B812-427C-800B-60E18F07DBB2}"
EndProject
Project("{9A19103F-16F7-4668-BE54-9A1E7A4F7556}") = "Sfa.Tl.Matching.Data.UnitTests", "Sfa.Tl.Matching.Data.UnitTests\Sfa.Tl.Matching.Data.UnitTests.csproj", "{361DF8E1-4ED4-4D85-89EF-48388D11E97E}"
EndProject
Project("{9A19103F-16F7-4668-BE54-9A1E7A4F7556}") = "Sfa.Tl.Matching.Domain", "Sfa.Tl.Matching.Domain\Sfa.Tl.Matching.Domain.csproj", "{9160AF31-755A-4DEC-AC08-C3C8C937E68F}"
EndProject
Project("{9A19103F-16F7-4668-BE54-9A1E7A4F7556}") = "Sfa.Tl.Matching.Models", "Sfa.Tl.Matching.Models\Sfa.Tl.Matching.Models.csproj", "{BE914355-47E4-429D-8E2A-232580E563BF}"
EndProject
Project("{9A19103F-16F7-4668-BE54-9A1E7A4F7556}") = "Sfa.Tl.Matching.Functions.UnitTests", "Sfa.Tl.Matching.Functions.UnitTests\Sfa.Tl.Matching.Functions.UnitTests.csproj", "{6554CB81-D010-42F2-B8B8-BC89B5F6308D}"
EndProject
Global
	GlobalSection(SolutionConfigurationPlatforms) = preSolution
		Debug|Any CPU = Debug|Any CPU
		Release|Any CPU = Release|Any CPU
	EndGlobalSection
	GlobalSection(ProjectConfigurationPlatforms) = postSolution
		{9D1CBE77-09C6-41A7-AB98-0CA58A3DB6EA}.Debug|Any CPU.ActiveCfg = Debug|Any CPU
		{9D1CBE77-09C6-41A7-AB98-0CA58A3DB6EA}.Debug|Any CPU.Build.0 = Debug|Any CPU
		{9D1CBE77-09C6-41A7-AB98-0CA58A3DB6EA}.Release|Any CPU.ActiveCfg = Release|Any CPU
		{9D1CBE77-09C6-41A7-AB98-0CA58A3DB6EA}.Release|Any CPU.Build.0 = Release|Any CPU
		{CFE3C23E-F125-4FC7-A9A9-129CD8D2B3B5}.Debug|Any CPU.ActiveCfg = Debug|Any CPU
		{CFE3C23E-F125-4FC7-A9A9-129CD8D2B3B5}.Debug|Any CPU.Build.0 = Debug|Any CPU
		{CFE3C23E-F125-4FC7-A9A9-129CD8D2B3B5}.Release|Any CPU.ActiveCfg = Release|Any CPU
		{CFE3C23E-F125-4FC7-A9A9-129CD8D2B3B5}.Release|Any CPU.Build.0 = Release|Any CPU
		{7C0E2398-1B73-450B-BB20-9103AA4CA262}.Debug|Any CPU.ActiveCfg = Debug|Any CPU
		{7C0E2398-1B73-450B-BB20-9103AA4CA262}.Debug|Any CPU.Build.0 = Debug|Any CPU
		{7C0E2398-1B73-450B-BB20-9103AA4CA262}.Release|Any CPU.ActiveCfg = Release|Any CPU
		{7C0E2398-1B73-450B-BB20-9103AA4CA262}.Release|Any CPU.Build.0 = Release|Any CPU
		{F1516E45-B1AA-4C80-ADB8-442EA84DC3C0}.Debug|Any CPU.ActiveCfg = Debug|Any CPU
		{F1516E45-B1AA-4C80-ADB8-442EA84DC3C0}.Debug|Any CPU.Build.0 = Debug|Any CPU
		{F1516E45-B1AA-4C80-ADB8-442EA84DC3C0}.Release|Any CPU.ActiveCfg = Release|Any CPU
		{F1516E45-B1AA-4C80-ADB8-442EA84DC3C0}.Release|Any CPU.Build.0 = Release|Any CPU
		{0A26E19A-BD4D-4E06-A5D4-3EAF8FC05579}.Debug|Any CPU.ActiveCfg = Debug|Any CPU
		{0A26E19A-BD4D-4E06-A5D4-3EAF8FC05579}.Debug|Any CPU.Build.0 = Debug|Any CPU
		{0A26E19A-BD4D-4E06-A5D4-3EAF8FC05579}.Release|Any CPU.ActiveCfg = Release|Any CPU
		{0A26E19A-BD4D-4E06-A5D4-3EAF8FC05579}.Release|Any CPU.Build.0 = Release|Any CPU
		{47265647-AC78-4796-860E-C8CE9E318268}.Debug|Any CPU.ActiveCfg = Debug|Any CPU
		{47265647-AC78-4796-860E-C8CE9E318268}.Debug|Any CPU.Build.0 = Debug|Any CPU
		{47265647-AC78-4796-860E-C8CE9E318268}.Release|Any CPU.ActiveCfg = Release|Any CPU
		{47265647-AC78-4796-860E-C8CE9E318268}.Release|Any CPU.Build.0 = Release|Any CPU
		{66668B61-2D04-45A0-AEEE-CAE0334F56E5}.Debug|Any CPU.ActiveCfg = Debug|Any CPU
		{66668B61-2D04-45A0-AEEE-CAE0334F56E5}.Debug|Any CPU.Build.0 = Debug|Any CPU
		{66668B61-2D04-45A0-AEEE-CAE0334F56E5}.Release|Any CPU.ActiveCfg = Release|Any CPU
		{66668B61-2D04-45A0-AEEE-CAE0334F56E5}.Release|Any CPU.Build.0 = Release|Any CPU
		{515AE7C8-BB11-4290-ADED-234977FB1975}.Debug|Any CPU.ActiveCfg = Debug|Any CPU
		{515AE7C8-BB11-4290-ADED-234977FB1975}.Debug|Any CPU.Build.0 = Debug|Any CPU
		{515AE7C8-BB11-4290-ADED-234977FB1975}.Release|Any CPU.ActiveCfg = Release|Any CPU
		{515AE7C8-BB11-4290-ADED-234977FB1975}.Release|Any CPU.Build.0 = Release|Any CPU
		{47B2E287-B812-427C-800B-60E18F07DBB2}.Debug|Any CPU.ActiveCfg = Debug|Any CPU
		{47B2E287-B812-427C-800B-60E18F07DBB2}.Debug|Any CPU.Build.0 = Debug|Any CPU
		{47B2E287-B812-427C-800B-60E18F07DBB2}.Release|Any CPU.ActiveCfg = Release|Any CPU
		{47B2E287-B812-427C-800B-60E18F07DBB2}.Release|Any CPU.Build.0 = Release|Any CPU
		{361DF8E1-4ED4-4D85-89EF-48388D11E97E}.Debug|Any CPU.ActiveCfg = Debug|Any CPU
		{361DF8E1-4ED4-4D85-89EF-48388D11E97E}.Debug|Any CPU.Build.0 = Debug|Any CPU
		{361DF8E1-4ED4-4D85-89EF-48388D11E97E}.Release|Any CPU.ActiveCfg = Release|Any CPU
		{361DF8E1-4ED4-4D85-89EF-48388D11E97E}.Release|Any CPU.Build.0 = Release|Any CPU
		{9160AF31-755A-4DEC-AC08-C3C8C937E68F}.Debug|Any CPU.ActiveCfg = Debug|Any CPU
		{9160AF31-755A-4DEC-AC08-C3C8C937E68F}.Debug|Any CPU.Build.0 = Debug|Any CPU
		{9160AF31-755A-4DEC-AC08-C3C8C937E68F}.Release|Any CPU.ActiveCfg = Release|Any CPU
		{9160AF31-755A-4DEC-AC08-C3C8C937E68F}.Release|Any CPU.Build.0 = Release|Any CPU
		{BE914355-47E4-429D-8E2A-232580E563BF}.Debug|Any CPU.ActiveCfg = Debug|Any CPU
		{BE914355-47E4-429D-8E2A-232580E563BF}.Debug|Any CPU.Build.0 = Debug|Any CPU
		{BE914355-47E4-429D-8E2A-232580E563BF}.Release|Any CPU.ActiveCfg = Release|Any CPU
		{BE914355-47E4-429D-8E2A-232580E563BF}.Release|Any CPU.Build.0 = Release|Any CPU
		{6554CB81-D010-42F2-B8B8-BC89B5F6308D}.Debug|Any CPU.ActiveCfg = Debug|Any CPU
		{6554CB81-D010-42F2-B8B8-BC89B5F6308D}.Debug|Any CPU.Build.0 = Debug|Any CPU
		{6554CB81-D010-42F2-B8B8-BC89B5F6308D}.Release|Any CPU.ActiveCfg = Release|Any CPU
		{6554CB81-D010-42F2-B8B8-BC89B5F6308D}.Release|Any CPU.Build.0 = Release|Any CPU
	EndGlobalSection
	GlobalSection(SolutionProperties) = preSolution
		HideSolutionNode = FALSE
	EndGlobalSection
	GlobalSection(NestedProjects) = preSolution
		{0A26E19A-BD4D-4E06-A5D4-3EAF8FC05579} = {AC50D8E9-002B-4A81-B436-8D4284E023B5}
		{47265647-AC78-4796-860E-C8CE9E318268} = {AC50D8E9-002B-4A81-B436-8D4284E023B5}
		{47B2E287-B812-427C-800B-60E18F07DBB2} = {AC50D8E9-002B-4A81-B436-8D4284E023B5}
		{361DF8E1-4ED4-4D85-89EF-48388D11E97E} = {AC50D8E9-002B-4A81-B436-8D4284E023B5}
		{6554CB81-D010-42F2-B8B8-BC89B5F6308D} = {AC50D8E9-002B-4A81-B436-8D4284E023B5}
	EndGlobalSection
	GlobalSection(ExtensibilityGlobals) = postSolution
		SolutionGuid = {59BF75E1-537C-4287-92BE-6BAB5E8C8277}
	EndGlobalSection
EndGlobal
