
Microsoft Visual Studio Solution File, Format Version 12.00
# Visual Studio 15
VisualStudioVersion = 15.0.28307.168
MinimumVisualStudioVersion = 10.0.40219.1
Project("{9A19103F-16F7-4668-BE54-9A1E7A4F7556}") = "Sfa.Tl.Matching.Web", "Sfa.Tl.Matching.Web\Sfa.Tl.Matching.Web.csproj", "{9D1CBE77-09C6-41A7-AB98-0CA58A3DB6EA}"
EndProject
Project("{9A19103F-16F7-4668-BE54-9A1E7A4F7556}") = "Sfa.Tl.Matching.Functions", "Sfa.Tl.Matching.Functions\Sfa.Tl.Matching.Functions.csproj", "{CFE3C23E-F125-4FC7-A9A9-129CD8D2B3B5}"
EndProject
Project("{00D1A9C2-B5F0-4AF3-8072-F6C62B433612}") = "Sfa.Tl.Matching.Database", "Sfa.Tl.Matching.Database\Sfa.Tl.Matching.Database.sqlproj", "{7C0E2398-1B73-450B-BB20-9103AA4CA262}"
EndProject
Project("{9A19103F-16F7-4668-BE54-9A1E7A4F7556}") = "Sfa.Tl.Matching.Core", "Sfa.Tl.Matching.Core\Sfa.Tl.Matching.Core.csproj", "{188218C3-170B-46B0-A9AF-4146A972F986}"
EndProject
Project("{9A19103F-16F7-4668-BE54-9A1E7A4F7556}") = "Sfa.Tl.Matching.Application", "Sfa.Tl.Matching.Application\Sfa.Tl.Matching.Application.csproj", "{F1516E45-B1AA-4C80-ADB8-442EA84DC3C0}"
EndProject
Project("{9A19103F-16F7-4668-BE54-9A1E7A4F7556}") = "Sfa.Tl.Matching.Application.UnitTests", "Sfa.Tl.Matching.Application.UnitTests\Sfa.Tl.Matching.Application.UnitTests.csproj", "{0A26E19A-BD4D-4E06-A5D4-3EAF8FC05579}"
EndProject
Project("{9A19103F-16F7-4668-BE54-9A1E7A4F7556}") = "Sfa.Tl.Matching.Application.IntegrationTests", "Sfa.Tl.Matching.Application.IntegrationTests\Sfa.Tl.Matching.Application.IntegrationTests.csproj", "{47265647-AC78-4796-860E-C8CE9E318268}"
EndProject
Project("{2150E333-8FDC-42A3-9474-1A3956D46DE8}") = "Tests", "Tests", "{AC50D8E9-002B-4A81-B436-8D4284E023B5}"
EndProject
Project("{9A19103F-16F7-4668-BE54-9A1E7A4F7556}") = "Sfa.Tl.Matching.Functions.Extensions", "Sfa.Tl.Matching.Functions.Extensions\Sfa.Tl.Matching.Functions.Extensions.csproj", "{66668B61-2D04-45A0-AEEE-CAE0334F56E5}"
EndProject
Project("{9A19103F-16F7-4668-BE54-9A1E7A4F7556}") = "Sfa.Tl.Matching.Data", "Sfa.Tl.Matching.Data\Sfa.Tl.Matching.Data.csproj", "{515AE7C8-BB11-4290-ADED-234977FB1975}"
EndProject
Project("{9A19103F-16F7-4668-BE54-9A1E7A4F7556}") = "Sfa.Tl.Matching.Infrastructure", "Sfa.Tl.Matching.Infrastructure\Sfa.Tl.Matching.Infrastructure.csproj", "{63750008-F64A-4C75-A5EB-E8A3BC05D57F}"
EndProject
Project("{9A19103F-16F7-4668-BE54-9A1E7A4F7556}") = "Sfa.Tl.Matching.Web.UnitTests", "Sfa.Tl.Matching.Web.UnitTests\Sfa.Tl.Matching.Web.UnitTests.csproj", "{116E17EA-EE6C-4443-95A4-A7AA1B912E6E}"
EndProject
Project("{FAE04EC0-301F-11D3-BF4B-00C04F79EFBC}") = "Sfa.Tl.Matching.Infrastructure.UnitTests", "Sfa.Tl.Matching.Infrastructure.UnitTests\Sfa.Tl.Matching.Infrastructure.UnitTests.csproj", "{2260ED7F-5F31-4749-8FD9-DAC587E34FF0}"
EndProject
Global
	GlobalSection(SolutionConfigurationPlatforms) = preSolution
		Debug|Any CPU = Debug|Any CPU
		Release|Any CPU = Release|Any CPU
	EndGlobalSection
	GlobalSection(ProjectConfigurationPlatforms) = postSolution
		{9D1CBE77-09C6-41A7-AB98-0CA58A3DB6EA}.Debug|Any CPU.ActiveCfg = Debug|Any CPU
		{9D1CBE77-09C6-41A7-AB98-0CA58A3DB6EA}.Debug|Any CPU.Build.0 = Debug|Any CPU
		{9D1CBE77-09C6-41A7-AB98-0CA58A3DB6EA}.Release|Any CPU.ActiveCfg = Release|Any CPU
		{9D1CBE77-09C6-41A7-AB98-0CA58A3DB6EA}.Release|Any CPU.Build.0 = Release|Any CPU
		{CFE3C23E-F125-4FC7-A9A9-129CD8D2B3B5}.Debug|Any CPU.ActiveCfg = Debug|Any CPU
		{CFE3C23E-F125-4FC7-A9A9-129CD8D2B3B5}.Debug|Any CPU.Build.0 = Debug|Any CPU
		{CFE3C23E-F125-4FC7-A9A9-129CD8D2B3B5}.Release|Any CPU.ActiveCfg = Release|Any CPU
		{CFE3C23E-F125-4FC7-A9A9-129CD8D2B3B5}.Release|Any CPU.Build.0 = Release|Any CPU
		{7C0E2398-1B73-450B-BB20-9103AA4CA262}.Debug|Any CPU.ActiveCfg = Debug|Any CPU
		{7C0E2398-1B73-450B-BB20-9103AA4CA262}.Debug|Any CPU.Build.0 = Debug|Any CPU
		{7C0E2398-1B73-450B-BB20-9103AA4CA262}.Debug|Any CPU.Deploy.0 = Debug|Any CPU
		{7C0E2398-1B73-450B-BB20-9103AA4CA262}.Release|Any CPU.ActiveCfg = Release|Any CPU
		{7C0E2398-1B73-450B-BB20-9103AA4CA262}.Release|Any CPU.Build.0 = Release|Any CPU
		{7C0E2398-1B73-450B-BB20-9103AA4CA262}.Release|Any CPU.Deploy.0 = Release|Any CPU
		{188218C3-170B-46B0-A9AF-4146A972F986}.Debug|Any CPU.ActiveCfg = Debug|Any CPU
		{188218C3-170B-46B0-A9AF-4146A972F986}.Debug|Any CPU.Build.0 = Debug|Any CPU
		{188218C3-170B-46B0-A9AF-4146A972F986}.Release|Any CPU.ActiveCfg = Release|Any CPU
		{188218C3-170B-46B0-A9AF-4146A972F986}.Release|Any CPU.Build.0 = Release|Any CPU
		{F1516E45-B1AA-4C80-ADB8-442EA84DC3C0}.Debug|Any CPU.ActiveCfg = Debug|Any CPU
		{F1516E45-B1AA-4C80-ADB8-442EA84DC3C0}.Debug|Any CPU.Build.0 = Debug|Any CPU
		{F1516E45-B1AA-4C80-ADB8-442EA84DC3C0}.Release|Any CPU.ActiveCfg = Release|Any CPU
		{F1516E45-B1AA-4C80-ADB8-442EA84DC3C0}.Release|Any CPU.Build.0 = Release|Any CPU
		{0A26E19A-BD4D-4E06-A5D4-3EAF8FC05579}.Debug|Any CPU.ActiveCfg = Debug|Any CPU
		{0A26E19A-BD4D-4E06-A5D4-3EAF8FC05579}.Debug|Any CPU.Build.0 = Debug|Any CPU
		{0A26E19A-BD4D-4E06-A5D4-3EAF8FC05579}.Release|Any CPU.ActiveCfg = Release|Any CPU
		{0A26E19A-BD4D-4E06-A5D4-3EAF8FC05579}.Release|Any CPU.Build.0 = Release|Any CPU
		{47265647-AC78-4796-860E-C8CE9E318268}.Debug|Any CPU.ActiveCfg = Debug|Any CPU
		{47265647-AC78-4796-860E-C8CE9E318268}.Debug|Any CPU.Build.0 = Debug|Any CPU
		{47265647-AC78-4796-860E-C8CE9E318268}.Release|Any CPU.ActiveCfg = Release|Any CPU
		{47265647-AC78-4796-860E-C8CE9E318268}.Release|Any CPU.Build.0 = Release|Any CPU
		{66668B61-2D04-45A0-AEEE-CAE0334F56E5}.Debug|Any CPU.ActiveCfg = Debug|Any CPU
		{66668B61-2D04-45A0-AEEE-CAE0334F56E5}.Debug|Any CPU.Build.0 = Debug|Any CPU
		{66668B61-2D04-45A0-AEEE-CAE0334F56E5}.Release|Any CPU.ActiveCfg = Release|Any CPU
		{66668B61-2D04-45A0-AEEE-CAE0334F56E5}.Release|Any CPU.Build.0 = Release|Any CPU
		{515AE7C8-BB11-4290-ADED-234977FB1975}.Debug|Any CPU.ActiveCfg = Debug|Any CPU
		{515AE7C8-BB11-4290-ADED-234977FB1975}.Debug|Any CPU.Build.0 = Debug|Any CPU
		{515AE7C8-BB11-4290-ADED-234977FB1975}.Release|Any CPU.ActiveCfg = Release|Any CPU
		{515AE7C8-BB11-4290-ADED-234977FB1975}.Release|Any CPU.Build.0 = Release|Any CPU
		{63750008-F64A-4C75-A5EB-E8A3BC05D57F}.Debug|Any CPU.ActiveCfg = Debug|Any CPU
		{63750008-F64A-4C75-A5EB-E8A3BC05D57F}.Debug|Any CPU.Build.0 = Debug|Any CPU
		{63750008-F64A-4C75-A5EB-E8A3BC05D57F}.Release|Any CPU.ActiveCfg = Release|Any CPU
		{63750008-F64A-4C75-A5EB-E8A3BC05D57F}.Release|Any CPU.Build.0 = Release|Any CPU
		{116E17EA-EE6C-4443-95A4-A7AA1B912E6E}.Debug|Any CPU.ActiveCfg = Debug|Any CPU
		{116E17EA-EE6C-4443-95A4-A7AA1B912E6E}.Debug|Any CPU.Build.0 = Debug|Any CPU
		{116E17EA-EE6C-4443-95A4-A7AA1B912E6E}.Release|Any CPU.ActiveCfg = Release|Any CPU
		{116E17EA-EE6C-4443-95A4-A7AA1B912E6E}.Release|Any CPU.Build.0 = Release|Any CPU
		{2260ED7F-5F31-4749-8FD9-DAC587E34FF0}.Debug|Any CPU.ActiveCfg = Debug|Any CPU
		{2260ED7F-5F31-4749-8FD9-DAC587E34FF0}.Debug|Any CPU.Build.0 = Debug|Any CPU
		{2260ED7F-5F31-4749-8FD9-DAC587E34FF0}.Release|Any CPU.ActiveCfg = Release|Any CPU
		{2260ED7F-5F31-4749-8FD9-DAC587E34FF0}.Release|Any CPU.Build.0 = Release|Any CPU
	EndGlobalSection
	GlobalSection(SolutionProperties) = preSolution
		HideSolutionNode = FALSE
	EndGlobalSection
	GlobalSection(NestedProjects) = preSolution
		{0A26E19A-BD4D-4E06-A5D4-3EAF8FC05579} = {AC50D8E9-002B-4A81-B436-8D4284E023B5}
		{47265647-AC78-4796-860E-C8CE9E318268} = {AC50D8E9-002B-4A81-B436-8D4284E023B5}
		{116E17EA-EE6C-4443-95A4-A7AA1B912E6E} = {AC50D8E9-002B-4A81-B436-8D4284E023B5}
		{2260ED7F-5F31-4749-8FD9-DAC587E34FF0} = {AC50D8E9-002B-4A81-B436-8D4284E023B5}
	EndGlobalSection
	GlobalSection(ExtensibilityGlobals) = postSolution
		SolutionGuid = {59BF75E1-537C-4287-92BE-6BAB5E8C8277}
	EndGlobalSection
EndGlobal
